
Microsoft Visual Studio Solution File, Format Version 12.00
# Visual Studio 15
VisualStudioVersion = 15.0.27428.2043
MinimumVisualStudioVersion = 10.0.40219.1
Project("{FAE04EC0-301F-11D3-BF4B-00C04F79EFBC}") = "ExampleF1.Android", "ExampleF1\ExampleF1.Android\ExampleF1.Android.csproj", "{3C7680BB-B2D0-4533-8571-F2DA13C8BABC}"
EndProject
Project("{FAE04EC0-301F-11D3-BF4B-00C04F79EFBC}") = "ExampleF1.iOS", "ExampleF1\ExampleF1.iOS\ExampleF1.iOS.csproj", "{91FFE57F-5B85-40A9-8A92-6DFCB76625C6}"
EndProject
Project("{FAE04EC0-301F-11D3-BF4B-00C04F79EFBC}") = "ExampleF1.UWP", "ExampleF1\ExampleF1.UWP\ExampleF1.UWP.csproj", "{7B4F206F-6F31-4046-A3A6-DCBC1DD9CF99}"
EndProject
Project("{FAE04EC0-301F-11D3-BF4B-00C04F79EFBC}") = "ExampleF1", "ExampleF1\ExampleF1\ExampleF1.csproj", "{6B3E9D96-E113-4844-87AA-3A8C0BE914A6}"
EndProject
Global
	GlobalSection(SolutionConfigurationPlatforms) = preSolution
		Ad-Hoc|Any CPU = Ad-Hoc|Any CPU
		Ad-Hoc|ARM = Ad-Hoc|ARM
		Ad-Hoc|iPhone = Ad-Hoc|iPhone
		Ad-Hoc|iPhoneSimulator = Ad-Hoc|iPhoneSimulator
		Ad-Hoc|x64 = Ad-Hoc|x64
		Ad-Hoc|x86 = Ad-Hoc|x86
		AppStore|Any CPU = AppStore|Any CPU
		AppStore|ARM = AppStore|ARM
		AppStore|iPhone = AppStore|iPhone
		AppStore|iPhoneSimulator = AppStore|iPhoneSimulator
		AppStore|x64 = AppStore|x64
		AppStore|x86 = AppStore|x86
		Debug|Any CPU = Debug|Any CPU
		Debug|ARM = Debug|ARM
		Debug|iPhone = Debug|iPhone
		Debug|iPhoneSimulator = Debug|iPhoneSimulator
		Debug|x64 = Debug|x64
		Debug|x86 = Debug|x86
		Release|Any CPU = Release|Any CPU
		Release|ARM = Release|ARM
		Release|iPhone = Release|iPhone
		Release|iPhoneSimulator = Release|iPhoneSimulator
		Release|x64 = Release|x64
		Release|x86 = Release|x86
	EndGlobalSection
	GlobalSection(ProjectConfigurationPlatforms) = postSolution
		{3C7680BB-B2D0-4533-8571-F2DA13C8BABC}.Ad-Hoc|Any CPU.ActiveCfg = Release|Any CPU
		{3C7680BB-B2D0-4533-8571-F2DA13C8BABC}.Ad-Hoc|Any CPU.Build.0 = Release|Any CPU
		{3C7680BB-B2D0-4533-8571-F2DA13C8BABC}.Ad-Hoc|Any CPU.Deploy.0 = Release|Any CPU
		{3C7680BB-B2D0-4533-8571-F2DA13C8BABC}.Ad-Hoc|ARM.ActiveCfg = Release|Any CPU
		{3C7680BB-B2D0-4533-8571-F2DA13C8BABC}.Ad-Hoc|ARM.Build.0 = Release|Any CPU
		{3C7680BB-B2D0-4533-8571-F2DA13C8BABC}.Ad-Hoc|ARM.Deploy.0 = Release|Any CPU
		{3C7680BB-B2D0-4533-8571-F2DA13C8BABC}.Ad-Hoc|iPhone.ActiveCfg = Release|Any CPU
		{3C7680BB-B2D0-4533-8571-F2DA13C8BABC}.Ad-Hoc|iPhone.Build.0 = Release|Any CPU
		{3C7680BB-B2D0-4533-8571-F2DA13C8BABC}.Ad-Hoc|iPhone.Deploy.0 = Release|Any CPU
		{3C7680BB-B2D0-4533-8571-F2DA13C8BABC}.Ad-Hoc|iPhoneSimulator.ActiveCfg = Release|Any CPU
		{3C7680BB-B2D0-4533-8571-F2DA13C8BABC}.Ad-Hoc|iPhoneSimulator.Build.0 = Release|Any CPU
		{3C7680BB-B2D0-4533-8571-F2DA13C8BABC}.Ad-Hoc|iPhoneSimulator.Deploy.0 = Release|Any CPU
		{3C7680BB-B2D0-4533-8571-F2DA13C8BABC}.Ad-Hoc|x64.ActiveCfg = Release|Any CPU
		{3C7680BB-B2D0-4533-8571-F2DA13C8BABC}.Ad-Hoc|x64.Build.0 = Release|Any CPU
		{3C7680BB-B2D0-4533-8571-F2DA13C8BABC}.Ad-Hoc|x64.Deploy.0 = Release|Any CPU
		{3C7680BB-B2D0-4533-8571-F2DA13C8BABC}.Ad-Hoc|x86.ActiveCfg = Release|Any CPU
		{3C7680BB-B2D0-4533-8571-F2DA13C8BABC}.Ad-Hoc|x86.Build.0 = Release|Any CPU
		{3C7680BB-B2D0-4533-8571-F2DA13C8BABC}.Ad-Hoc|x86.Deploy.0 = Release|Any CPU
		{3C7680BB-B2D0-4533-8571-F2DA13C8BABC}.AppStore|Any CPU.ActiveCfg = Release|Any CPU
		{3C7680BB-B2D0-4533-8571-F2DA13C8BABC}.AppStore|Any CPU.Build.0 = Release|Any CPU
		{3C7680BB-B2D0-4533-8571-F2DA13C8BABC}.AppStore|Any CPU.Deploy.0 = Release|Any CPU
		{3C7680BB-B2D0-4533-8571-F2DA13C8BABC}.AppStore|ARM.ActiveCfg = Release|Any CPU
		{3C7680BB-B2D0-4533-8571-F2DA13C8BABC}.AppStore|ARM.Build.0 = Release|Any CPU
		{3C7680BB-B2D0-4533-8571-F2DA13C8BABC}.AppStore|ARM.Deploy.0 = Release|Any CPU
		{3C7680BB-B2D0-4533-8571-F2DA13C8BABC}.AppStore|iPhone.ActiveCfg = Release|Any CPU
		{3C7680BB-B2D0-4533-8571-F2DA13C8BABC}.AppStore|iPhone.Build.0 = Release|Any CPU
		{3C7680BB-B2D0-4533-8571-F2DA13C8BABC}.AppStore|iPhone.Deploy.0 = Release|Any CPU
		{3C7680BB-B2D0-4533-8571-F2DA13C8BABC}.AppStore|iPhoneSimulator.ActiveCfg = Release|Any CPU
		{3C7680BB-B2D0-4533-8571-F2DA13C8BABC}.AppStore|iPhoneSimulator.Build.0 = Release|Any CPU
		{3C7680BB-B2D0-4533-8571-F2DA13C8BABC}.AppStore|iPhoneSimulator.Deploy.0 = Release|Any CPU
		{3C7680BB-B2D0-4533-8571-F2DA13C8BABC}.AppStore|x64.ActiveCfg = Release|Any CPU
		{3C7680BB-B2D0-4533-8571-F2DA13C8BABC}.AppStore|x64.Build.0 = Release|Any CPU
		{3C7680BB-B2D0-4533-8571-F2DA13C8BABC}.AppStore|x64.Deploy.0 = Release|Any CPU
		{3C7680BB-B2D0-4533-8571-F2DA13C8BABC}.AppStore|x86.ActiveCfg = Release|Any CPU
		{3C7680BB-B2D0-4533-8571-F2DA13C8BABC}.AppStore|x86.Build.0 = Release|Any CPU
		{3C7680BB-B2D0-4533-8571-F2DA13C8BABC}.AppStore|x86.Deploy.0 = Release|Any CPU
		{3C7680BB-B2D0-4533-8571-F2DA13C8BABC}.Debug|Any CPU.ActiveCfg = Debug|Any CPU
		{3C7680BB-B2D0-4533-8571-F2DA13C8BABC}.Debug|Any CPU.Build.0 = Debug|Any CPU
		{3C7680BB-B2D0-4533-8571-F2DA13C8BABC}.Debug|Any CPU.Deploy.0 = Debug|Any CPU
		{3C7680BB-B2D0-4533-8571-F2DA13C8BABC}.Debug|ARM.ActiveCfg = Debug|Any CPU
		{3C7680BB-B2D0-4533-8571-F2DA13C8BABC}.Debug|ARM.Build.0 = Debug|Any CPU
		{3C7680BB-B2D0-4533-8571-F2DA13C8BABC}.Debug|ARM.Deploy.0 = Debug|Any CPU
		{3C7680BB-B2D0-4533-8571-F2DA13C8BABC}.Debug|iPhone.ActiveCfg = Debug|Any CPU
		{3C7680BB-B2D0-4533-8571-F2DA13C8BABC}.Debug|iPhone.Build.0 = Debug|Any CPU
		{3C7680BB-B2D0-4533-8571-F2DA13C8BABC}.Debug|iPhone.Deploy.0 = Debug|Any CPU
		{3C7680BB-B2D0-4533-8571-F2DA13C8BABC}.Debug|iPhoneSimulator.ActiveCfg = Debug|Any CPU
		{3C7680BB-B2D0-4533-8571-F2DA13C8BABC}.Debug|iPhoneSimulator.Build.0 = Debug|Any CPU
		{3C7680BB-B2D0-4533-8571-F2DA13C8BABC}.Debug|iPhoneSimulator.Deploy.0 = Debug|Any CPU
		{3C7680BB-B2D0-4533-8571-F2DA13C8BABC}.Debug|x64.ActiveCfg = Debug|Any CPU
		{3C7680BB-B2D0-4533-8571-F2DA13C8BABC}.Debug|x64.Build.0 = Debug|Any CPU
		{3C7680BB-B2D0-4533-8571-F2DA13C8BABC}.Debug|x64.Deploy.0 = Debug|Any CPU
		{3C7680BB-B2D0-4533-8571-F2DA13C8BABC}.Debug|x86.ActiveCfg = Debug|Any CPU
		{3C7680BB-B2D0-4533-8571-F2DA13C8BABC}.Debug|x86.Build.0 = Debug|Any CPU
		{3C7680BB-B2D0-4533-8571-F2DA13C8BABC}.Debug|x86.Deploy.0 = Debug|Any CPU
		{3C7680BB-B2D0-4533-8571-F2DA13C8BABC}.Release|Any CPU.ActiveCfg = Release|Any CPU
		{3C7680BB-B2D0-4533-8571-F2DA13C8BABC}.Release|Any CPU.Build.0 = Release|Any CPU
		{3C7680BB-B2D0-4533-8571-F2DA13C8BABC}.Release|Any CPU.Deploy.0 = Release|Any CPU
		{3C7680BB-B2D0-4533-8571-F2DA13C8BABC}.Release|ARM.ActiveCfg = Release|Any CPU
		{3C7680BB-B2D0-4533-8571-F2DA13C8BABC}.Release|ARM.Build.0 = Release|Any CPU
		{3C7680BB-B2D0-4533-8571-F2DA13C8BABC}.Release|ARM.Deploy.0 = Release|Any CPU
		{3C7680BB-B2D0-4533-8571-F2DA13C8BABC}.Release|iPhone.ActiveCfg = Release|Any CPU
		{3C7680BB-B2D0-4533-8571-F2DA13C8BABC}.Release|iPhone.Build.0 = Release|Any CPU
		{3C7680BB-B2D0-4533-8571-F2DA13C8BABC}.Release|iPhone.Deploy.0 = Release|Any CPU
		{3C7680BB-B2D0-4533-8571-F2DA13C8BABC}.Release|iPhoneSimulator.ActiveCfg = Release|Any CPU
		{3C7680BB-B2D0-4533-8571-F2DA13C8BABC}.Release|iPhoneSimulator.Build.0 = Release|Any CPU
		{3C7680BB-B2D0-4533-8571-F2DA13C8BABC}.Release|iPhoneSimulator.Deploy.0 = Release|Any CPU
		{3C7680BB-B2D0-4533-8571-F2DA13C8BABC}.Release|x64.ActiveCfg = Release|Any CPU
		{3C7680BB-B2D0-4533-8571-F2DA13C8BABC}.Release|x64.Build.0 = Release|Any CPU
		{3C7680BB-B2D0-4533-8571-F2DA13C8BABC}.Release|x64.Deploy.0 = Release|Any CPU
		{3C7680BB-B2D0-4533-8571-F2DA13C8BABC}.Release|x86.ActiveCfg = Release|Any CPU
		{3C7680BB-B2D0-4533-8571-F2DA13C8BABC}.Release|x86.Build.0 = Release|Any CPU
		{3C7680BB-B2D0-4533-8571-F2DA13C8BABC}.Release|x86.Deploy.0 = Release|Any CPU
		{91FFE57F-5B85-40A9-8A92-6DFCB76625C6}.Ad-Hoc|Any CPU.ActiveCfg = Ad-Hoc|iPhone
		{91FFE57F-5B85-40A9-8A92-6DFCB76625C6}.Ad-Hoc|ARM.ActiveCfg = Ad-Hoc|iPhone
		{91FFE57F-5B85-40A9-8A92-6DFCB76625C6}.Ad-Hoc|iPhone.ActiveCfg = Ad-Hoc|iPhone
		{91FFE57F-5B85-40A9-8A92-6DFCB76625C6}.Ad-Hoc|iPhone.Build.0 = Ad-Hoc|iPhone
		{91FFE57F-5B85-40A9-8A92-6DFCB76625C6}.Ad-Hoc|iPhoneSimulator.ActiveCfg = Ad-Hoc|iPhoneSimulator
		{91FFE57F-5B85-40A9-8A92-6DFCB76625C6}.Ad-Hoc|iPhoneSimulator.Build.0 = Ad-Hoc|iPhoneSimulator
		{91FFE57F-5B85-40A9-8A92-6DFCB76625C6}.Ad-Hoc|x64.ActiveCfg = Ad-Hoc|iPhone
		{91FFE57F-5B85-40A9-8A92-6DFCB76625C6}.Ad-Hoc|x86.ActiveCfg = Ad-Hoc|iPhone
		{91FFE57F-5B85-40A9-8A92-6DFCB76625C6}.AppStore|Any CPU.ActiveCfg = AppStore|iPhone
		{91FFE57F-5B85-40A9-8A92-6DFCB76625C6}.AppStore|ARM.ActiveCfg = AppStore|iPhone
		{91FFE57F-5B85-40A9-8A92-6DFCB76625C6}.AppStore|iPhone.ActiveCfg = AppStore|iPhone
		{91FFE57F-5B85-40A9-8A92-6DFCB76625C6}.AppStore|iPhone.Build.0 = AppStore|iPhone
		{91FFE57F-5B85-40A9-8A92-6DFCB76625C6}.AppStore|iPhoneSimulator.ActiveCfg = AppStore|iPhoneSimulator
		{91FFE57F-5B85-40A9-8A92-6DFCB76625C6}.AppStore|iPhoneSimulator.Build.0 = AppStore|iPhoneSimulator
		{91FFE57F-5B85-40A9-8A92-6DFCB76625C6}.AppStore|x64.ActiveCfg = AppStore|iPhone
		{91FFE57F-5B85-40A9-8A92-6DFCB76625C6}.AppStore|x86.ActiveCfg = AppStore|iPhone
		{91FFE57F-5B85-40A9-8A92-6DFCB76625C6}.Debug|Any CPU.ActiveCfg = Debug|iPhone
		{91FFE57F-5B85-40A9-8A92-6DFCB76625C6}.Debug|ARM.ActiveCfg = Debug|iPhone
		{91FFE57F-5B85-40A9-8A92-6DFCB76625C6}.Debug|iPhone.ActiveCfg = Debug|iPhone
		{91FFE57F-5B85-40A9-8A92-6DFCB76625C6}.Debug|iPhone.Build.0 = Debug|iPhone
		{91FFE57F-5B85-40A9-8A92-6DFCB76625C6}.Debug|iPhoneSimulator.ActiveCfg = Debug|iPhoneSimulator
		{91FFE57F-5B85-40A9-8A92-6DFCB76625C6}.Debug|iPhoneSimulator.Build.0 = Debug|iPhoneSimulator
		{91FFE57F-5B85-40A9-8A92-6DFCB76625C6}.Debug|x64.ActiveCfg = Debug|iPhone
		{91FFE57F-5B85-40A9-8A92-6DFCB76625C6}.Debug|x86.ActiveCfg = Debug|iPhone
		{91FFE57F-5B85-40A9-8A92-6DFCB76625C6}.Release|Any CPU.ActiveCfg = Release|iPhone
		{91FFE57F-5B85-40A9-8A92-6DFCB76625C6}.Release|ARM.ActiveCfg = Release|iPhone
		{91FFE57F-5B85-40A9-8A92-6DFCB76625C6}.Release|iPhone.ActiveCfg = Release|iPhone
		{91FFE57F-5B85-40A9-8A92-6DFCB76625C6}.Release|iPhone.Build.0 = Release|iPhone
		{91FFE57F-5B85-40A9-8A92-6DFCB76625C6}.Release|iPhoneSimulator.ActiveCfg = Release|iPhoneSimulator
		{91FFE57F-5B85-40A9-8A92-6DFCB76625C6}.Release|iPhoneSimulator.Build.0 = Release|iPhoneSimulator
		{91FFE57F-5B85-40A9-8A92-6DFCB76625C6}.Release|x64.ActiveCfg = Release|iPhone
		{91FFE57F-5B85-40A9-8A92-6DFCB76625C6}.Release|x86.ActiveCfg = Release|iPhone
		{7B4F206F-6F31-4046-A3A6-DCBC1DD9CF99}.Ad-Hoc|Any CPU.ActiveCfg = Release|x86
		{7B4F206F-6F31-4046-A3A6-DCBC1DD9CF99}.Ad-Hoc|Any CPU.Build.0 = Release|x86
		{7B4F206F-6F31-4046-A3A6-DCBC1DD9CF99}.Ad-Hoc|Any CPU.Deploy.0 = Release|x86
		{7B4F206F-6F31-4046-A3A6-DCBC1DD9CF99}.Ad-Hoc|ARM.ActiveCfg = Release|ARM
		{7B4F206F-6F31-4046-A3A6-DCBC1DD9CF99}.Ad-Hoc|ARM.Build.0 = Release|ARM
		{7B4F206F-6F31-4046-A3A6-DCBC1DD9CF99}.Ad-Hoc|ARM.Deploy.0 = Release|ARM
		{7B4F206F-6F31-4046-A3A6-DCBC1DD9CF99}.Ad-Hoc|iPhone.ActiveCfg = Release|x86
		{7B4F206F-6F31-4046-A3A6-DCBC1DD9CF99}.Ad-Hoc|iPhone.Build.0 = Release|x86
		{7B4F206F-6F31-4046-A3A6-DCBC1DD9CF99}.Ad-Hoc|iPhone.Deploy.0 = Release|x86
		{7B4F206F-6F31-4046-A3A6-DCBC1DD9CF99}.Ad-Hoc|iPhoneSimulator.ActiveCfg = Release|x86
		{7B4F206F-6F31-4046-A3A6-DCBC1DD9CF99}.Ad-Hoc|iPhoneSimulator.Build.0 = Release|x86
		{7B4F206F-6F31-4046-A3A6-DCBC1DD9CF99}.Ad-Hoc|iPhoneSimulator.Deploy.0 = Release|x86
		{7B4F206F-6F31-4046-A3A6-DCBC1DD9CF99}.Ad-Hoc|x64.ActiveCfg = Release|x64
		{7B4F206F-6F31-4046-A3A6-DCBC1DD9CF99}.Ad-Hoc|x64.Build.0 = Release|x64
		{7B4F206F-6F31-4046-A3A6-DCBC1DD9CF99}.Ad-Hoc|x64.Deploy.0 = Release|x64
		{7B4F206F-6F31-4046-A3A6-DCBC1DD9CF99}.Ad-Hoc|x86.ActiveCfg = Release|x86
		{7B4F206F-6F31-4046-A3A6-DCBC1DD9CF99}.Ad-Hoc|x86.Build.0 = Release|x86
		{7B4F206F-6F31-4046-A3A6-DCBC1DD9CF99}.Ad-Hoc|x86.Deploy.0 = Release|x86
		{7B4F206F-6F31-4046-A3A6-DCBC1DD9CF99}.AppStore|Any CPU.ActiveCfg = Release|x86
		{7B4F206F-6F31-4046-A3A6-DCBC1DD9CF99}.AppStore|Any CPU.Build.0 = Release|x86
		{7B4F206F-6F31-4046-A3A6-DCBC1DD9CF99}.AppStore|Any CPU.Deploy.0 = Release|x86
		{7B4F206F-6F31-4046-A3A6-DCBC1DD9CF99}.AppStore|ARM.ActiveCfg = Release|ARM
		{7B4F206F-6F31-4046-A3A6-DCBC1DD9CF99}.AppStore|ARM.Build.0 = Release|ARM
		{7B4F206F-6F31-4046-A3A6-DCBC1DD9CF99}.AppStore|ARM.Deploy.0 = Release|ARM
		{7B4F206F-6F31-4046-A3A6-DCBC1DD9CF99}.AppStore|iPhone.ActiveCfg = Release|x86
		{7B4F206F-6F31-4046-A3A6-DCBC1DD9CF99}.AppStore|iPhone.Build.0 = Release|x86
		{7B4F206F-6F31-4046-A3A6-DCBC1DD9CF99}.AppStore|iPhone.Deploy.0 = Release|x86
		{7B4F206F-6F31-4046-A3A6-DCBC1DD9CF99}.AppStore|iPhoneSimulator.ActiveCfg = Release|x86
		{7B4F206F-6F31-4046-A3A6-DCBC1DD9CF99}.AppStore|iPhoneSimulator.Build.0 = Release|x86
		{7B4F206F-6F31-4046-A3A6-DCBC1DD9CF99}.AppStore|iPhoneSimulator.Deploy.0 = Release|x86
		{7B4F206F-6F31-4046-A3A6-DCBC1DD9CF99}.AppStore|x64.ActiveCfg = Release|x64
		{7B4F206F-6F31-4046-A3A6-DCBC1DD9CF99}.AppStore|x64.Build.0 = Release|x64
		{7B4F206F-6F31-4046-A3A6-DCBC1DD9CF99}.AppStore|x64.Deploy.0 = Release|x64
		{7B4F206F-6F31-4046-A3A6-DCBC1DD9CF99}.AppStore|x86.ActiveCfg = Release|x86
		{7B4F206F-6F31-4046-A3A6-DCBC1DD9CF99}.AppStore|x86.Build.0 = Release|x86
		{7B4F206F-6F31-4046-A3A6-DCBC1DD9CF99}.AppStore|x86.Deploy.0 = Release|x86
		{7B4F206F-6F31-4046-A3A6-DCBC1DD9CF99}.Debug|Any CPU.ActiveCfg = Debug|x86
		{7B4F206F-6F31-4046-A3A6-DCBC1DD9CF99}.Debug|ARM.ActiveCfg = Debug|ARM
		{7B4F206F-6F31-4046-A3A6-DCBC1DD9CF99}.Debug|ARM.Build.0 = Debug|ARM
		{7B4F206F-6F31-4046-A3A6-DCBC1DD9CF99}.Debug|ARM.Deploy.0 = Debug|ARM
		{7B4F206F-6F31-4046-A3A6-DCBC1DD9CF99}.Debug|iPhone.ActiveCfg = Debug|x86
		{7B4F206F-6F31-4046-A3A6-DCBC1DD9CF99}.Debug|iPhoneSimulator.ActiveCfg = Debug|x86
		{7B4F206F-6F31-4046-A3A6-DCBC1DD9CF99}.Debug|x64.ActiveCfg = Debug|x64
		{7B4F206F-6F31-4046-A3A6-DCBC1DD9CF99}.Debug|x64.Build.0 = Debug|x64
		{7B4F206F-6F31-4046-A3A6-DCBC1DD9CF99}.Debug|x64.Deploy.0 = Debug|x64
		{7B4F206F-6F31-4046-A3A6-DCBC1DD9CF99}.Debug|x86.ActiveCfg = Debug|x86
		{7B4F206F-6F31-4046-A3A6-DCBC1DD9CF99}.Debug|x86.Build.0 = Debug|x86
		{7B4F206F-6F31-4046-A3A6-DCBC1DD9CF99}.Debug|x86.Deploy.0 = Debug|x86
		{7B4F206F-6F31-4046-A3A6-DCBC1DD9CF99}.Release|Any CPU.ActiveCfg = Release|x86
		{7B4F206F-6F31-4046-A3A6-DCBC1DD9CF99}.Release|ARM.ActiveCfg = Release|ARM
		{7B4F206F-6F31-4046-A3A6-DCBC1DD9CF99}.Release|ARM.Build.0 = Release|ARM
		{7B4F206F-6F31-4046-A3A6-DCBC1DD9CF99}.Release|ARM.Deploy.0 = Release|ARM
		{7B4F206F-6F31-4046-A3A6-DCBC1DD9CF99}.Release|iPhone.ActiveCfg = Release|x86
		{7B4F206F-6F31-4046-A3A6-DCBC1DD9CF99}.Release|iPhoneSimulator.ActiveCfg = Release|x86
		{7B4F206F-6F31-4046-A3A6-DCBC1DD9CF99}.Release|x64.ActiveCfg = Release|x64
		{7B4F206F-6F31-4046-A3A6-DCBC1DD9CF99}.Release|x64.Build.0 = Release|x64
		{7B4F206F-6F31-4046-A3A6-DCBC1DD9CF99}.Release|x64.Deploy.0 = Release|x64
		{7B4F206F-6F31-4046-A3A6-DCBC1DD9CF99}.Release|x86.ActiveCfg = Release|x86
		{7B4F206F-6F31-4046-A3A6-DCBC1DD9CF99}.Release|x86.Build.0 = Release|x86
		{7B4F206F-6F31-4046-A3A6-DCBC1DD9CF99}.Release|x86.Deploy.0 = Release|x86
		{6B3E9D96-E113-4844-87AA-3A8C0BE914A6}.Ad-Hoc|Any CPU.ActiveCfg = Debug|Any CPU
		{6B3E9D96-E113-4844-87AA-3A8C0BE914A6}.Ad-Hoc|Any CPU.Build.0 = Debug|Any CPU
		{6B3E9D96-E113-4844-87AA-3A8C0BE914A6}.Ad-Hoc|ARM.ActiveCfg = Debug|Any CPU
		{6B3E9D96-E113-4844-87AA-3A8C0BE914A6}.Ad-Hoc|ARM.Build.0 = Debug|Any CPU
		{6B3E9D96-E113-4844-87AA-3A8C0BE914A6}.Ad-Hoc|iPhone.ActiveCfg = Debug|Any CPU
		{6B3E9D96-E113-4844-87AA-3A8C0BE914A6}.Ad-Hoc|iPhone.Build.0 = Debug|Any CPU
		{6B3E9D96-E113-4844-87AA-3A8C0BE914A6}.Ad-Hoc|iPhoneSimulator.ActiveCfg = Debug|Any CPU
		{6B3E9D96-E113-4844-87AA-3A8C0BE914A6}.Ad-Hoc|iPhoneSimulator.Build.0 = Debug|Any CPU
		{6B3E9D96-E113-4844-87AA-3A8C0BE914A6}.Ad-Hoc|x64.ActiveCfg = Debug|Any CPU
		{6B3E9D96-E113-4844-87AA-3A8C0BE914A6}.Ad-Hoc|x64.Build.0 = Debug|Any CPU
		{6B3E9D96-E113-4844-87AA-3A8C0BE914A6}.Ad-Hoc|x86.ActiveCfg = Debug|Any CPU
		{6B3E9D96-E113-4844-87AA-3A8C0BE914A6}.Ad-Hoc|x86.Build.0 = Debug|Any CPU
		{6B3E9D96-E113-4844-87AA-3A8C0BE914A6}.AppStore|Any CPU.ActiveCfg = Debug|Any CPU
		{6B3E9D96-E113-4844-87AA-3A8C0BE914A6}.AppStore|Any CPU.Build.0 = Debug|Any CPU
		{6B3E9D96-E113-4844-87AA-3A8C0BE914A6}.AppStore|ARM.ActiveCfg = Debug|Any CPU
		{6B3E9D96-E113-4844-87AA-3A8C0BE914A6}.AppStore|ARM.Build.0 = Debug|Any CPU
		{6B3E9D96-E113-4844-87AA-3A8C0BE914A6}.AppStore|iPhone.ActiveCfg = Debug|Any CPU
		{6B3E9D96-E113-4844-87AA-3A8C0BE914A6}.AppStore|iPhone.Build.0 = Debug|Any CPU
		{6B3E9D96-E113-4844-87AA-3A8C0BE914A6}.AppStore|iPhoneSimulator.ActiveCfg = Debug|Any CPU
		{6B3E9D96-E113-4844-87AA-3A8C0BE914A6}.AppStore|iPhoneSimulator.Build.0 = Debug|Any CPU
		{6B3E9D96-E113-4844-87AA-3A8C0BE914A6}.AppStore|x64.ActiveCfg = Debug|Any CPU
		{6B3E9D96-E113-4844-87AA-3A8C0BE914A6}.AppStore|x64.Build.0 = Debug|Any CPU
		{6B3E9D96-E113-4844-87AA-3A8C0BE914A6}.AppStore|x86.ActiveCfg = Debug|Any CPU
		{6B3E9D96-E113-4844-87AA-3A8C0BE914A6}.AppStore|x86.Build.0 = Debug|Any CPU
		{6B3E9D96-E113-4844-87AA-3A8C0BE914A6}.Debug|Any CPU.ActiveCfg = Debug|Any CPU
		{6B3E9D96-E113-4844-87AA-3A8C0BE914A6}.Debug|Any CPU.Build.0 = Debug|Any CPU
		{6B3E9D96-E113-4844-87AA-3A8C0BE914A6}.Debug|ARM.ActiveCfg = Debug|Any CPU
		{6B3E9D96-E113-4844-87AA-3A8C0BE914A6}.Debug|ARM.Build.0 = Debug|Any CPU
		{6B3E9D96-E113-4844-87AA-3A8C0BE914A6}.Debug|iPhone.ActiveCfg = Debug|Any CPU
		{6B3E9D96-E113-4844-87AA-3A8C0BE914A6}.Debug|iPhone.Build.0 = Debug|Any CPU
		{6B3E9D96-E113-4844-87AA-3A8C0BE914A6}.Debug|iPhoneSimulator.ActiveCfg = Debug|Any CPU
		{6B3E9D96-E113-4844-87AA-3A8C0BE914A6}.Debug|iPhoneSimulator.Build.0 = Debug|Any CPU
		{6B3E9D96-E113-4844-87AA-3A8C0BE914A6}.Debug|x64.ActiveCfg = Debug|Any CPU
		{6B3E9D96-E113-4844-87AA-3A8C0BE914A6}.Debug|x64.Build.0 = Debug|Any CPU
		{6B3E9D96-E113-4844-87AA-3A8C0BE914A6}.Debug|x86.ActiveCfg = Debug|Any CPU
		{6B3E9D96-E113-4844-87AA-3A8C0BE914A6}.Debug|x86.Build.0 = Debug|Any CPU
		{6B3E9D96-E113-4844-87AA-3A8C0BE914A6}.Release|Any CPU.ActiveCfg = Release|Any CPU
		{6B3E9D96-E113-4844-87AA-3A8C0BE914A6}.Release|Any CPU.Build.0 = Release|Any CPU
		{6B3E9D96-E113-4844-87AA-3A8C0BE914A6}.Release|ARM.ActiveCfg = Release|Any CPU
		{6B3E9D96-E113-4844-87AA-3A8C0BE914A6}.Release|ARM.Build.0 = Release|Any CPU
		{6B3E9D96-E113-4844-87AA-3A8C0BE914A6}.Release|iPhone.ActiveCfg = Release|Any CPU
		{6B3E9D96-E113-4844-87AA-3A8C0BE914A6}.Release|iPhone.Build.0 = Release|Any CPU
		{6B3E9D96-E113-4844-87AA-3A8C0BE914A6}.Release|iPhoneSimulator.ActiveCfg = Release|Any CPU
		{6B3E9D96-E113-4844-87AA-3A8C0BE914A6}.Release|iPhoneSimulator.Build.0 = Release|Any CPU
		{6B3E9D96-E113-4844-87AA-3A8C0BE914A6}.Release|x64.ActiveCfg = Release|Any CPU
		{6B3E9D96-E113-4844-87AA-3A8C0BE914A6}.Release|x64.Build.0 = Release|Any CPU
		{6B3E9D96-E113-4844-87AA-3A8C0BE914A6}.Release|x86.ActiveCfg = Release|Any CPU
		{6B3E9D96-E113-4844-87AA-3A8C0BE914A6}.Release|x86.Build.0 = Release|Any CPU
	EndGlobalSection
	GlobalSection(SolutionProperties) = preSolution
		HideSolutionNode = FALSE
	EndGlobalSection
	GlobalSection(ExtensibilityGlobals) = postSolution
		SolutionGuid = {57DA3686-F13C-4D26-A7EB-C9D4B3C3BDF3}
	EndGlobalSection
EndGlobal
